
Microsoft Visual Studio Solution File, Format Version 12.00
# Visual Studio Version 17
VisualStudioVersion = 17.5.33414.496
MinimumVisualStudioVersion = 10.0.40219.1
Project("{FAE04EC0-301F-11D3-BF4B-00C04F79EFBC}") = "Albon.AccountManager", "Albon.AccountManager\Albon.AccountManager.csproj", "{70883975-18DE-457D-B2D2-C6A0516539B1}"
EndProject
Global
	GlobalSection(SolutionConfigurationPlatforms) = preSolution
		Debug|Any CPU = Debug|Any CPU
		Release|Any CPU = Release|Any CPU
	EndGlobalSection
	GlobalSection(ProjectConfigurationPlatforms) = postSolution
		{70883975-18DE-457D-B2D2-C6A0516539B1}.Debug|Any CPU.ActiveCfg = Debug|Any CPU
		{70883975-18DE-457D-B2D2-C6A0516539B1}.Debug|Any CPU.Build.0 = Debug|Any CPU
		{70883975-18DE-457D-B2D2-C6A0516539B1}.Release|Any CPU.ActiveCfg = Release|Any CPU
		{70883975-18DE-457D-B2D2-C6A0516539B1}.Release|Any CPU.Build.0 = Release|Any CPU
	EndGlobalSection
	GlobalSection(SolutionProperties) = preSolution
		HideSolutionNode = FALSE
	EndGlobalSection
	GlobalSection(ExtensibilityGlobals) = postSolution
		SolutionGuid = {D70D9516-21FE-4428-A3DB-05C2E4D11066}
	EndGlobalSection
EndGlobal
